github.com/coderdba-coding-org/gojunk v0.0.0-20200402072544-6b5e6658f6f0 h1:flZwNkZxVTVRndx+5BudIkTpsoF8CK7cXQh+udBzMmk=
github.com/coderdba-coding-org/gojunk v0.0.0-20200402072544-6b5e6658f6f0/go.mod h1:7iAJonrssGVS+QkuwAFsbC3Uzxa9Um5eYnUjj0gNzfM=
github.com/coderdba-coding-org/gojunk v0.0.0-20200402074708-955f14ff0fec h1:RJqmfDL8OzS1z1A+AXktWVpsYXb/wYiRh9j1QuRi2OA=
github.com/coderdba-coding-org/gojunk v0.0.0-20200402074708-955f14ff0fec/go.mod h1:7iAJonrssGVS+QkuwAFsbC3Uzxa9Um5eYnUjj0gNzfM=
